dependencies:
- name: tempo
  repository: https://grafana.github.io/helm-charts
  version: 0.16.2
- name: loki
  repository: https://grafana.github.io/helm-charts
  version: 2.16.0
- name: prometheus
  repository: https://prometheus-community.github.io/helm-charts
  version: 24.3.0
digest: sha256:8dfb27c12c2c334b6ad22253880a1ecdd2f53b93c1afd5ce09b17adb1af2a49e
generated: "2023-09-06T15:50:33.6038669+02:00"
