
Microsoft Visual Studio Solution File, Format Version 12.00
# Visual Studio Version 16
VisualStudioVersion = 16.0.32126.315
MinimumVisualStudioVersion = 10.0.40219.1
Project("{9A19103F-16F7-4668-BE54-9A1E7A4F7556}") = "Distributed.IoT.Edge.SimulatedTemperatureSensorModule", "Distributed.IoT.Edge.SimulatedTemperatureSensorModule\Distributed.IoT.Edge.SimulatedTemperatureSensorModule.csproj", "{448E4EC6-213D-47DB-8084-219D7EFEEEEE}"
EndProject
Project("{9A19103F-16F7-4668-BE54-9A1E7A4F7556}") = "Distributed.IoT.Edge.Common", "Distributed.IoT.Edge.Common\Distributed.IoT.Edge.Common.csproj", "{CC1000A0-3492-42AF-9BB0-2C75EBA44975}"
EndProject
Project("{2150E333-8FDC-42A3-9474-1A3956D46DE8}") = "Configuration", "Configuration", "{FA60B5A5-1550-46FF-94FE-851ECC1D71BA}"
	ProjectSection(SolutionItems) = preProject
		.editorconfig = .editorconfig
		.gitignore = .gitignore
		common.props = common.props
	EndProjectSection
EndProject
Project("{9A19103F-16F7-4668-BE54-9A1E7A4F7556}") = "Distributed.IoT.Edge.DataGatewayModule", "Distributed.IoT.Edge.DataGatewayModule\Distributed.IoT.Edge.DataGatewayModule.csproj", "{746C3EBF-D9C0-4C7C-BBC5-F2E377F186D1}"
EndProject
Global
	GlobalSection(SolutionConfigurationPlatforms) = preSolution
		Debug|Any CPU = Debug|Any CPU
		Release|Any CPU = Release|Any CPU
	EndGlobalSection
	GlobalSection(ProjectConfigurationPlatforms) = postSolution
		{448E4EC6-213D-47DB-8084-219D7EFEEEEE}.Debug|Any CPU.ActiveCfg = Debug|Any CPU
		{448E4EC6-213D-47DB-8084-219D7EFEEEEE}.Debug|Any CPU.Build.0 = Debug|Any CPU
		{448E4EC6-213D-47DB-8084-219D7EFEEEEE}.Release|Any CPU.ActiveCfg = Release|Any CPU
		{448E4EC6-213D-47DB-8084-219D7EFEEEEE}.Release|Any CPU.Build.0 = Release|Any CPU
		{CC1000A0-3492-42AF-9BB0-2C75EBA44975}.Debug|Any CPU.ActiveCfg = Debug|Any CPU
		{CC1000A0-3492-42AF-9BB0-2C75EBA44975}.Debug|Any CPU.Build.0 = Debug|Any CPU
		{CC1000A0-3492-42AF-9BB0-2C75EBA44975}.Release|Any CPU.ActiveCfg = Release|Any CPU
		{CC1000A0-3492-42AF-9BB0-2C75EBA44975}.Release|Any CPU.Build.0 = Release|Any CPU
		{746C3EBF-D9C0-4C7C-BBC5-F2E377F186D1}.Debug|Any CPU.ActiveCfg = Debug|Any CPU
		{746C3EBF-D9C0-4C7C-BBC5-F2E377F186D1}.Debug|Any CPU.Build.0 = Debug|Any CPU
		{746C3EBF-D9C0-4C7C-BBC5-F2E377F186D1}.Release|Any CPU.ActiveCfg = Release|Any CPU
		{746C3EBF-D9C0-4C7C-BBC5-F2E377F186D1}.Release|Any CPU.Build.0 = Release|Any CPU
	EndGlobalSection
	GlobalSection(SolutionProperties) = preSolution
		HideSolutionNode = FALSE
	EndGlobalSection
	GlobalSection(ExtensibilityGlobals) = postSolution
		SolutionGuid = {1C49300F-28C0-4B2A-8BCC-8BF4DBCCF380}
	EndGlobalSection
EndGlobal
